// !$*UTF8*$!
{
	archiveVersion = 1;
	classes = {
	};
	objectVersion = 46;
	objects = {

/* Begin PBXBuildFile section */
		031B76431CAEF1430063D0FE /* Optional.swift in Sources */ = {isa = PBXBuildFile; fileRef = 031B76421CAEF1430063D0FE /* Optional.swift */; };
		031B76471CAF61D70063D0FE /* TripInfo.swift in Sources */ = {isa = PBXBuildFile; fileRef = 031B76461CAF61D70063D0FE /* TripInfo.swift */; };
		031B764A1CB01CAA0063D0FE /* HGOperators.swift in Sources */ = {isa = PBXBuildFile; fileRef = 031B76491CB01CAA0063D0FE /* HGOperators.swift */; };
		031B764C1CB02B750063D0FE /* Encodable.swift in Sources */ = {isa = PBXBuildFile; fileRef = 031B764B1CB02B750063D0FE /* Encodable.swift */; };
		03B6062D1C98C4C000D1EBDA /* Ethnicity.swift in Sources */ = {isa = PBXBuildFile; fileRef = 03B606201C98C4BF00D1EBDA /* Ethnicity.swift */; };
		03B6062E1C98C4C000D1EBDA /* Gender.swift in Sources */ = {isa = PBXBuildFile; fileRef = 03B606211C98C4BF00D1EBDA /* Gender.swift */; };
		03B6062F1C98C4C000D1EBDA /* HouseholdIncome.swift in Sources */ = {isa = PBXBuildFile; fileRef = 03B606221C98C4BF00D1EBDA /* HouseholdIncome.swift */; };
		03B606301C98C4C000D1EBDA /* RiderDuration.swift in Sources */ = {isa = PBXBuildFile; fileRef = 03B606231C98C4BF00D1EBDA /* RiderDuration.swift */; };
		03B606311C98C4C000D1EBDA /* RiderFrequency.swift in Sources */ = {isa = PBXBuildFile; fileRef = 03B606241C98C4C000D1EBDA /* RiderFrequency.swift */; };
		03B606321C98C4C000D1EBDA /* RiderType.swift in Sources */ = {isa = PBXBuildFile; fileRef = 03B606251C98C4C000D1EBDA /* RiderType.swift */; };
		03B606331C98C4C000D1EBDA /* String.swift in Sources */ = {isa = PBXBuildFile; fileRef = 03B606271C98C4C000D1EBDA /* String.swift */; };
		03B606341C98C4C000D1EBDA /* CPStore.swift in Sources */ = {isa = PBXBuildFile; fileRef = 03B606291C98C4C000D1EBDA /* CPStore.swift */; };
		03B606351C98C4C000D1EBDA /* Location.swift in Sources */ = {isa = PBXBuildFile; fileRef = 03B6062A1C98C4C000D1EBDA /* Location.swift */; };
		03B606361C98C4C000D1EBDA /* Trip.swift in Sources */ = {isa = PBXBuildFile; fileRef = 03B6062B1C98C4C000D1EBDA /* Trip.swift */; };
		03B606371C98C4C000D1EBDA /* UserInfo.swift in Sources */ = {isa = PBXBuildFile; fileRef = 03B6062C1C98C4C000D1EBDA /* UserInfo.swift */; };
		03B6063F1C98CCFC00D1EBDA /* ReportHandler.swift in Sources */ = {isa = PBXBuildFile; fileRef = 03B6063E1C98CCFC00D1EBDA /* ReportHandler.swift */; };
		03B606411C98CD3800D1EBDA /* ErrorType.swift in Sources */ = {isa = PBXBuildFile; fileRef = 03B606401C98CD3800D1EBDA /* ErrorType.swift */; };
		03B606431C98CD9A00D1EBDA /* Int.swift in Sources */ = {isa = PBXBuildFile; fileRef = 03B606421C98CD9A00D1EBDA /* Int.swift */; };
		03B606451C98D0CD00D1EBDA /* HGDict.swift in Sources */ = {isa = PBXBuildFile; fileRef = 03B606441C98D0CD00D1EBDA /* HGDict.swift */; };
		03CD302D1C99224B00549E73 /* NSDate.swift in Sources */ = {isa = PBXBuildFile; fileRef = 03CD302C1C99224B00549E73 /* NSDate.swift */; };
		03CD302F1C996EDF00549E73 /* Double.swift in Sources */ = {isa = PBXBuildFile; fileRef = 03CD302E1C996EDF00549E73 /* Double.swift */; };
		461C2B631C13E328004BBA05 /* TripListController.swift in Sources */ = {isa = PBXBuildFile; fileRef = 461C2B621C13E328004BBA05 /* TripListController.swift */; };
		461C2B6A1C13F751004BBA05 /* TripCell.swift in Sources */ = {isa = PBXBuildFile; fileRef = 461C2B691C13F751004BBA05 /* TripCell.swift */; };
		468AF08C1C17B32900843F19 /* TripDetailController.swift in Sources */ = {isa = PBXBuildFile; fileRef = 468AF08B1C17B32900843F19 /* TripDetailController.swift */; };
		46D737201BEE4FFA0022361D /* AppDelegate.swift in Sources */ = {isa = PBXBuildFile; fileRef = 46D7371F1BEE4FFA0022361D /* AppDelegate.swift */; };
		46D737221BEE4FFA0022361D /* MapController.swift in Sources */ = {isa = PBXBuildFile; fileRef = 46D737211BEE4FFA0022361D /* MapController.swift */; };
		46D737251BEE4FFA0022361D /* Main.storyboard in Resources */ = {isa = PBXBuildFile; fileRef = 46D737231BEE4FFA0022361D /* Main.storyboard */; };
		46D737271BEE4FFA0022361D /* Assets.xcassets in Resources */ = {isa = PBXBuildFile; fileRef = 46D737261BEE4FFA0022361D /* Assets.xcassets */; };
		46D7372A1BEE4FFA0022361D /* LaunchScreen.storyboard in Resources */ = {isa = PBXBuildFile; fileRef = 46D737281BEE4FFA0022361D /* LaunchScreen.storyboard */; };
		46D737351BEE4FFB0022361D /* CycleSaverTests.swift in Sources */ = {isa = PBXBuildFile; fileRef = 46D737341BEE4FFB0022361D /* CycleSaverTests.swift */; };
		46D737401BEE4FFB0022361D /* CycleSaverUITests.swift in Sources */ = {isa = PBXBuildFile; fileRef = 46D7373F1BEE4FFB0022361D /* CycleSaverUITests.swift */; };
/* End PBXBuildFile section */

/* Begin PBXContainerItemProxy section */
		46D737311BEE4FFB0022361D /* PBXContainerItemProxy */ = {
			isa = PBXContainerItemProxy;
			containerPortal = 46D737141BEE4FFA0022361D /* Project object */;
			proxyType = 1;
			remoteGlobalIDString = 46D7371B1BEE4FFA0022361D;
			remoteInfo = CycleSaver;
		};
		46D7373C1BEE4FFB0022361D /* PBXContainerItemProxy */ = {
			isa = PBXContainerItemProxy;
			containerPortal = 46D737141BEE4FFA0022361D /* Project object */;
			proxyType = 1;
			remoteGlobalIDString = 46D7371B1BEE4FFA0022361D;
			remoteInfo = CycleSaver;
		};
/* End PBXContainerItemProxy section */

/* Begin PBXFileReference section */
		031B76421CAEF1430063D0FE /* Optional.swift */ = {isa = PBXFileReference; fileEncoding = 4; lastKnownFileType = sourcecode.swift; path = Optional.swift; sourceTree = "<group>"; };
		031B76461CAF61D70063D0FE /* TripInfo.swift */ = {isa = PBXFileReference; fileEncoding = 4; lastKnownFileType = sourcecode.swift; path = TripInfo.swift; sourceTree = "<group>"; };
		031B76491CB01CAA0063D0FE /* HGOperators.swift */ = {isa = PBXFileReference; fileEncoding = 4; lastKnownFileType = sourcecode.swift; name = HGOperators.swift; path = Operators/HGOperators.swift; sourceTree = "<group>"; };
		031B764B1CB02B750063D0FE /* Encodable.swift */ = {isa = PBXFileReference; fileEncoding = 4; lastKnownFileType = sourcecode.swift; name = Encodable.swift; path = Protocols/Encodable.swift; sourceTree = "<group>"; };
		03B606201C98C4BF00D1EBDA /* Ethnicity.swift */ = {isa = PBXFileReference; fileEncoding = 4; lastKnownFileType = sourcecode.swift; path = Ethnicity.swift; sourceTree = "<group>"; };
		03B606211C98C4BF00D1EBDA /* Gender.swift */ = {isa = PBXFileReference; fileEncoding = 4; lastKnownFileType = sourcecode.swift; path = Gender.swift; sourceTree = "<group>"; };
		03B606221C98C4BF00D1EBDA /* HouseholdIncome.swift */ = {isa = PBXFileReference; fileEncoding = 4; lastKnownFileType = sourcecode.swift; path = HouseholdIncome.swift; sourceTree = "<group>"; };
		03B606231C98C4BF00D1EBDA /* RiderDuration.swift */ = {isa = PBXFileReference; fileEncoding = 4; lastKnownFileType = sourcecode.swift; path = RiderDuration.swift; sourceTree = "<group>"; };
		03B606241C98C4C000D1EBDA /* RiderFrequency.swift */ = {isa = PBXFileReference; fileEncoding = 4; lastKnownFileType = sourcecode.swift; path = RiderFrequency.swift; sourceTree = "<group>"; };
		03B606251C98C4C000D1EBDA /* RiderType.swift */ = {isa = PBXFileReference; fileEncoding = 4; lastKnownFileType = sourcecode.swift; path = RiderType.swift; sourceTree = "<group>"; };
		03B606271C98C4C000D1EBDA /* String.swift */ = {isa = PBXFileReference; fileEncoding = 4; lastKnownFileType = sourcecode.swift; path = String.swift; sourceTree = "<group>"; };
		03B606291C98C4C000D1EBDA /* CPStore.swift */ = {isa = PBXFileReference; fileEncoding = 4; lastKnownFileType = sourcecode.swift; path = CPStore.swift; sourceTree = "<group>"; };
		03B6062A1C98C4C000D1EBDA /* Location.swift */ = {isa = PBXFileReference; fileEncoding = 4; lastKnownFileType = sourcecode.swift; path = Location.swift; sourceTree = "<group>"; };
		03B6062B1C98C4C000D1EBDA /* Trip.swift */ = {isa = PBXFileReference; fileEncoding = 4; lastKnownFileType = sourcecode.swift; path = Trip.swift; sourceTree = "<group>"; };
		03B6062C1C98C4C000D1EBDA /* UserInfo.swift */ = {isa = PBXFileReference; fileEncoding = 4; lastKnownFileType = sourcecode.swift; path = UserInfo.swift; sourceTree = "<group>"; };
		03B6063E1C98CCFC00D1EBDA /* ReportHandler.swift */ = {isa = PBXFileReference; fileEncoding = 4; lastKnownFileType = sourcecode.swift; name = ReportHandler.swift; path = Errors/ReportHandler.swift; sourceTree = "<group>"; };
		03B606401C98CD3800D1EBDA /* ErrorType.swift */ = {isa = PBXFileReference; fileEncoding = 4; lastKnownFileType = sourcecode.swift; path = ErrorType.swift; sourceTree = "<group>"; };
		03B606421C98CD9A00D1EBDA /* Int.swift */ = {isa = PBXFileReference; fileEncoding = 4; lastKnownFileType = sourcecode.swift; path = Int.swift; sourceTree = "<group>"; };
		03B606441C98D0CD00D1EBDA /* HGDict.swift */ = {isa = PBXFileReference; fileEncoding = 4; lastKnownFileType = sourcecode.swift; name = HGDict.swift; path = Protocols/HGDict.swift; sourceTree = "<group>"; };
		03CD302C1C99224B00549E73 /* NSDate.swift */ = {isa = PBXFileReference; fileEncoding = 4; lastKnownFileType = sourcecode.swift; path = NSDate.swift; sourceTree = "<group>"; };
		03CD302E1C996EDF00549E73 /* Double.swift */ = {isa = PBXFileReference; fileEncoding = 4; lastKnownFileType = sourcecode.swift; path = Double.swift; sourceTree = "<group>"; };
		461C2B621C13E328004BBA05 /* TripListController.swift */ = {isa = PBXFileReference; fileEncoding = 4; lastKnownFileType = sourcecode.swift; path = TripListController.swift; sourceTree = "<group>"; };
		461C2B691C13F751004BBA05 /* TripCell.swift */ = {isa = PBXFileReference; fileEncoding = 4; lastKnownFileType = sourcecode.swift; path = TripCell.swift; sourceTree = "<group>"; };
		468AF08B1C17B32900843F19 /* TripDetailController.swift */ = {isa = PBXFileReference; fileEncoding = 4; lastKnownFileType = sourcecode.swift; path = TripDetailController.swift; sourceTree = "<group>"; };
		46D7371C1BEE4FFA0022361D /* CycleSaver.app */ = {isa = PBXFileReference; explicitFileType = wrapper.application; includeInIndex = 0; path = CycleSaver.app; sourceTree = BUILT_PRODUCTS_DIR; };
		46D7371F1BEE4FFA0022361D /* AppDelegate.swift */ = {isa = PBXFileReference; lastKnownFileType = sourcecode.swift; path = AppDelegate.swift; sourceTree = "<group>"; };
		46D737211BEE4FFA0022361D /* MapController.swift */ = {isa = PBXFileReference; lastKnownFileType = sourcecode.swift; path = MapController.swift; sourceTree = "<group>"; };
		46D737241BEE4FFA0022361D /* Base */ = {isa = PBXFileReference; lastKnownFileType = file.storyboard; name = Base; path = Base.lproj/Main.storyboard; sourceTree = "<group>"; };
		46D737261BEE4FFA0022361D /* Assets.xcassets */ = {isa = PBXFileReference; lastKnownFileType = folder.assetcatalog; path = Assets.xcassets; sourceTree = "<group>"; };
		46D737291BEE4FFA0022361D /* Base */ = {isa = PBXFileReference; lastKnownFileType = file.storyboard; name = Base; path = Base.lproj/LaunchScreen.storyboard; sourceTree = "<group>"; };
		46D7372B1BEE4FFA0022361D /* Info.plist */ = {isa = PBXFileReference; lastKnownFileType = text.plist.xml; path = Info.plist; sourceTree = "<group>"; };
		46D737301BEE4FFB0022361D /* CycleSaverTests.xctest */ = {isa = PBXFileReference; explicitFileType = wrapper.cfbundle; includeInIndex = 0; path = CycleSaverTests.xctest; sourceTree = BUILT_PRODUCTS_DIR; };
		46D737341BEE4FFB0022361D /* CycleSaverTests.swift */ = {isa = PBXFileReference; lastKnownFileType = sourcecode.swift; path = CycleSaverTests.swift; sourceTree = "<group>"; };
		46D737361BEE4FFB0022361D /* Info.plist */ = {isa = PBXFileReference; lastKnownFileType = text.plist.xml; path = Info.plist; sourceTree = "<group>"; };
		46D7373B1BEE4FFB0022361D /* CycleSaverUITests.xctest */ = {isa = PBXFileReference; explicitFileType = wrapper.cfbundle; includeInIndex = 0; path = CycleSaverUITests.xctest; sourceTree = BUILT_PRODUCTS_DIR; };
		46D7373F1BEE4FFB0022361D /* CycleSaverUITests.swift */ = {isa = PBXFileReference; lastKnownFileType = sourcecode.swift; path = CycleSaverUITests.swift; sourceTree = "<group>"; };
		46D737411BEE4FFB0022361D /* Info.plist */ = {isa = PBXFileReference; lastKnownFileType = text.plist.xml; path = Info.plist; sourceTree = "<group>"; };
/* End PBXFileReference section */

/* Begin PBXFrameworksBuildPhase section */
		46D737191BEE4FFA0022361D /* Frameworks */ = {
			isa = PBXFrameworksBuildPhase;
			buildActionMask = 2147483647;
			files = (
			);
			runOnlyForDeploymentPostprocessing = 0;
		};
		46D7372D1BEE4FFB0022361D /* Frameworks */ = {
			isa = PBXFrameworksBuildPhase;
			buildActionMask = 2147483647;
			files = (
			);
			runOnlyForDeploymentPostprocessing = 0;
		};
		46D737381BEE4FFB0022361D /* Frameworks */ = {
			isa = PBXFrameworksBuildPhase;
			buildActionMask = 2147483647;
			files = (
			);
			runOnlyForDeploymentPostprocessing = 0;
		};
/* End PBXFrameworksBuildPhase section */

/* Begin PBXGroup section */
		031B76481CB01C890063D0FE /* Operators */ = {
			isa = PBXGroup;
			children = (
				031B76491CB01CAA0063D0FE /* HGOperators.swift */,
			);
			name = Operators;
			sourceTree = "<group>";
		};
		03B6061F1C98C4BF00D1EBDA /* Enums */ = {
			isa = PBXGroup;
			children = (
				03B606201C98C4BF00D1EBDA /* Ethnicity.swift */,
				03B606211C98C4BF00D1EBDA /* Gender.swift */,
				03B606221C98C4BF00D1EBDA /* HouseholdIncome.swift */,
				03B606231C98C4BF00D1EBDA /* RiderDuration.swift */,
				03B606241C98C4C000D1EBDA /* RiderFrequency.swift */,
				03B606251C98C4C000D1EBDA /* RiderType.swift */,
				03B606401C98CD3800D1EBDA /* ErrorType.swift */,
			);
			path = Enums;
			sourceTree = "<group>";
		};
		03B606261C98C4C000D1EBDA /* Extensions */ = {
			isa = PBXGroup;
			children = (
				03B606271C98C4C000D1EBDA /* String.swift */,
				03CD302C1C99224B00549E73 /* NSDate.swift */,
				03B606421C98CD9A00D1EBDA /* Int.swift */,
				03CD302E1C996EDF00549E73 /* Double.swift */,
				031B76421CAEF1430063D0FE /* Optional.swift */,
			);
			path = Extensions;
			sourceTree = "<group>";
		};
		03B606281C98C4C000D1EBDA /* Model */ = {
			isa = PBXGroup;
			children = (
				03B606291C98C4C000D1EBDA /* CPStore.swift */,
				03B6062A1C98C4C000D1EBDA /* Location.swift */,
				03B6062B1C98C4C000D1EBDA /* Trip.swift */,
				03B6062C1C98C4C000D1EBDA /* UserInfo.swift */,
				031B76461CAF61D70063D0FE /* TripInfo.swift */,
			);
			path = Model;
			sourceTree = "<group>";
		};
		03B606381C98C8FE00D1EBDA /* Protocols */ = {
			isa = PBXGroup;
			children = (
				031B764B1CB02B750063D0FE /* Encodable.swift */,
				03B606441C98D0CD00D1EBDA /* HGDict.swift */,
			);
			name = Protocols;
			sourceTree = "<group>";
		};
		03B6063D1C98CCD600D1EBDA /* Errors */ = {
			isa = PBXGroup;
			children = (
				03B6063E1C98CCFC00D1EBDA /* ReportHandler.swift */,
			);
			name = Errors;
			sourceTree = "<group>";
		};
		461C2B641C13E89D004BBA05 /* Views */ = {
			isa = PBXGroup;
			children = (
				461C2B691C13F751004BBA05 /* TripCell.swift */,
			);
			name = Views;
			sourceTree = "<group>";
		};
		468DE5DC1C13DDBA006738E0 /* Controllers */ = {
			isa = PBXGroup;
			children = (
				46D737211BEE4FFA0022361D /* MapController.swift */,
				461C2B621C13E328004BBA05 /* TripListController.swift */,
				468AF08B1C17B32900843F19 /* TripDetailController.swift */,
			);
			path = Controllers;
			sourceTree = "<group>";
		};
		46D737131BEE4FFA0022361D = {
			isa = PBXGroup;
			children = (
				46D7371E1BEE4FFA0022361D /* CycleSaver */,
				46D737331BEE4FFB0022361D /* CycleSaverTests */,
				46D7373E1BEE4FFB0022361D /* CycleSaverUITests */,
				46D7371D1BEE4FFA0022361D /* Products */,
			);
			sourceTree = "<group>";
		};
		46D7371D1BEE4FFA0022361D /* Products */ = {
			isa = PBXGroup;
			children = (
				46D7371C1BEE4FFA0022361D /* CycleSaver.app */,
				46D737301BEE4FFB0022361D /* CycleSaverTests.xctest */,
				46D7373B1BEE4FFB0022361D /* CycleSaverUITests.xctest */,
			);
			name = Products;
			sourceTree = "<group>";
		};
		46D7371E1BEE4FFA0022361D /* CycleSaver */ = {
			isa = PBXGroup;
			children = (
				031B76481CB01C890063D0FE /* Operators */,
				03B6063D1C98CCD600D1EBDA /* Errors */,
				03B606381C98C8FE00D1EBDA /* Protocols */,
				03B6061F1C98C4BF00D1EBDA /* Enums */,
				03B606261C98C4C000D1EBDA /* Extensions */,
				03B606281C98C4C000D1EBDA /* Model */,
				461C2B641C13E89D004BBA05 /* Views */,
				468DE5DC1C13DDBA006738E0 /* Controllers */,
				46D7371F1BEE4FFA0022361D /* AppDelegate.swift */,
				46D737261BEE4FFA0022361D /* Assets.xcassets */,
				46D7372B1BEE4FFA0022361D /* Info.plist */,
				46D737281BEE4FFA0022361D /* LaunchScreen.storyboard */,
				46D737231BEE4FFA0022361D /* Main.storyboard */,
			);
			path = CycleSaver;
			sourceTree = "<group>";
		};
		46D737331BEE4FFB0022361D /* CycleSaverTests */ = {
			isa = PBXGroup;
			children = (
				46D737341BEE4FFB0022361D /* CycleSaverTests.swift */,
				46D737361BEE4FFB0022361D /* Info.plist */,
			);
			path = CycleSaverTests;
			sourceTree = "<group>";
		};
		46D7373E1BEE4FFB0022361D /* CycleSaverUITests */ = {
			isa = PBXGroup;
			children = (
				46D7373F1BEE4FFB0022361D /* CycleSaverUITests.swift */,
				46D737411BEE4FFB0022361D /* Info.plist */,
			);
			path = CycleSaverUITests;
			sourceTree = "<group>";
		};
/* End PBXGroup section */

/* Begin PBXNativeTarget section */
		46D7371B1BEE4FFA0022361D /* CycleSaver */ = {
			isa = PBXNativeTarget;
			buildConfigurationList = 46D737441BEE4FFB0022361D /* Build configuration list for PBXNativeTarget "CycleSaver" */;
			buildPhases = (
				46D737181BEE4FFA0022361D /* Sources */,
				46D737191BEE4FFA0022361D /* Frameworks */,
				46D7371A1BEE4FFA0022361D /* Resources */,
			);
			buildRules = (
			);
			dependencies = (
			);
			name = CycleSaver;
			productName = CycleSaver;
			productReference = 46D7371C1BEE4FFA0022361D /* CycleSaver.app */;
			productType = "com.apple.product-type.application";
		};
		46D7372F1BEE4FFB0022361D /* CycleSaverTests */ = {
			isa = PBXNativeTarget;
			buildConfigurationList = 46D737471BEE4FFB0022361D /* Build configuration list for PBXNativeTarget "CycleSaverTests" */;
			buildPhases = (
				46D7372C1BEE4FFB0022361D /* Sources */,
				46D7372D1BEE4FFB0022361D /* Frameworks */,
				46D7372E1BEE4FFB0022361D /* Resources */,
			);
			buildRules = (
			);
			dependencies = (
				46D737321BEE4FFB0022361D /* PBXTargetDependency */,
			);
			name = CycleSaverTests;
			productName = CycleSaverTests;
			productReference = 46D737301BEE4FFB0022361D /* CycleSaverTests.xctest */;
			productType = "com.apple.product-type.bundle.unit-test";
		};
		46D7373A1BEE4FFB0022361D /* CycleSaverUITests */ = {
			isa = PBXNativeTarget;
			buildConfigurationList = 46D7374A1BEE4FFB0022361D /* Build configuration list for PBXNativeTarget "CycleSaverUITests" */;
			buildPhases = (
				46D737371BEE4FFB0022361D /* Sources */,
				46D737381BEE4FFB0022361D /* Frameworks */,
				46D737391BEE4FFB0022361D /* Resources */,
			);
			buildRules = (
			);
			dependencies = (
				46D7373D1BEE4FFB0022361D /* PBXTargetDependency */,
			);
			name = CycleSaverUITests;
			productName = CycleSaverUITests;
			productReference = 46D7373B1BEE4FFB0022361D /* CycleSaverUITests.xctest */;
			productType = "com.apple.product-type.bundle.ui-testing";
		};
/* End PBXNativeTarget section */

/* Begin PBXProject section */
		46D737141BEE4FFA0022361D /* Project object */ = {
			isa = PBXProject;
			attributes = {
				LastSwiftUpdateCheck = 0710;
				LastUpgradeCheck = 0710;
				ORGANIZATIONNAME = "Kathryn Killebrew";
				TargetAttributes = {
					46D7371B1BEE4FFA0022361D = {
						CreatedOnToolsVersion = 7.1;
						DevelopmentTeam = Z23FUEE9NC;
					};
					46D7372F1BEE4FFB0022361D = {
						CreatedOnToolsVersion = 7.1;
						TestTargetID = 46D7371B1BEE4FFA0022361D;
					};
					46D7373A1BEE4FFB0022361D = {
						CreatedOnToolsVersion = 7.1;
						TestTargetID = 46D7371B1BEE4FFA0022361D;
					};
				};
			};
			buildConfigurationList = 46D737171BEE4FFA0022361D /* Build configuration list for PBXProject "CycleSaver" */;
			compatibilityVersion = "Xcode 3.2";
			developmentRegion = English;
			hasScannedForEncodings = 0;
			knownRegions = (
				en,
				Base,
			);
			mainGroup = 46D737131BEE4FFA0022361D;
			productRefGroup = 46D7371D1BEE4FFA0022361D /* Products */;
			projectDirPath = "";
			projectRoot = "";
			targets = (
				46D7371B1BEE4FFA0022361D /* CycleSaver */,
				46D7372F1BEE4FFB0022361D /* CycleSaverTests */,
				46D7373A1BEE4FFB0022361D /* CycleSaverUITests */,
			);
		};
/* End PBXProject section */

/* Begin PBXResourcesBuildPhase section */
		46D7371A1BEE4FFA0022361D /* Resources */ = {
			isa = PBXResourcesBuildPhase;
			buildActionMask = 2147483647;
			files = (
				46D7372A1BEE4FFA0022361D /* LaunchScreen.storyboard in Resources */,
				46D737271BEE4FFA0022361D /* Assets.xcassets in Resources */,
				46D737251BEE4FFA0022361D /* Main.storyboard in Resources */,
			);
			runOnlyForDeploymentPostprocessing = 0;
		};
		46D7372E1BEE4FFB0022361D /* Resources */ = {
			isa = PBXResourcesBuildPhase;
			buildActionMask = 2147483647;
			files = (
			);
			runOnlyForDeploymentPostprocessing = 0;
		};
		46D737391BEE4FFB0022361D /* Resources */ = {
			isa = PBXResourcesBuildPhase;
			buildActionMask = 2147483647;
			files = (
			);
			runOnlyForDeploymentPostprocessing = 0;
		};
/* End PBXResourcesBuildPhase section */

/* Begin PBXSourcesBuildPhase section */
		46D737181BEE4FFA0022361D /* Sources */ = {
			isa = PBXSourcesBuildPhase;
			buildActionMask = 2147483647;
			files = (
				03CD302D1C99224B00549E73 /* NSDate.swift in Sources */,
				468AF08C1C17B32900843F19 /* TripDetailController.swift in Sources */,
				03B606321C98C4C000D1EBDA /* RiderType.swift in Sources */,
				03B6063F1C98CCFC00D1EBDA /* ReportHandler.swift in Sources */,
				031B76471CAF61D70063D0FE /* TripInfo.swift in Sources */,
				03B606351C98C4C000D1EBDA /* Location.swift in Sources */,
				46D737221BEE4FFA0022361D /* MapController.swift in Sources */,
				03B6062D1C98C4C000D1EBDA /* Ethnicity.swift in Sources */,
				03B606341C98C4C000D1EBDA /* CPStore.swift in Sources */,
				03B606431C98CD9A00D1EBDA /* Int.swift in Sources */,
				461C2B6A1C13F751004BBA05 /* TripCell.swift in Sources */,
				03B606311C98C4C000D1EBDA /* RiderFrequency.swift in Sources */,
				031B764A1CB01CAA0063D0FE /* HGOperators.swift in Sources */,
				03CD302F1C996EDF00549E73 /* Double.swift in Sources */,
				46D737201BEE4FFA0022361D /* AppDelegate.swift in Sources */,
				031B764C1CB02B750063D0FE /* Encodable.swift in Sources */,
				03B606361C98C4C000D1EBDA /* Trip.swift in Sources */,
				03B6062E1C98C4C000D1EBDA /* Gender.swift in Sources */,
				03B606301C98C4C000D1EBDA /* RiderDuration.swift in Sources */,
				03B606411C98CD3800D1EBDA /* ErrorType.swift in Sources */,
				03B606331C98C4C000D1EBDA /* String.swift in Sources */,
				03B6062F1C98C4C000D1EBDA /* HouseholdIncome.swift in Sources */,
				03B606371C98C4C000D1EBDA /* UserInfo.swift in Sources */,
				03B606451C98D0CD00D1EBDA /* HGDict.swift in Sources */,
				461C2B631C13E328004BBA05 /* TripListController.swift in Sources */,
				031B76431CAEF1430063D0FE /* Optional.swift in Sources */,
			);
			runOnlyForDeploymentPostprocessing = 0;
		};
		46D7372C1BEE4FFB0022361D /* Sources */ = {
			isa = PBXSourcesBuildPhase;
			buildActionMask = 2147483647;
			files = (
				46D737351BEE4FFB0022361D /* CycleSaverTests.swift in Sources */,
			);
			runOnlyForDeploymentPostprocessing = 0;
		};
		46D737371BEE4FFB0022361D /* Sources */ = {
			isa = PBXSourcesBuildPhase;
			buildActionMask = 2147483647;
			files = (
				46D737401BEE4FFB0022361D /* CycleSaverUITests.swift in Sources */,
			);
			runOnlyForDeploymentPostprocessing = 0;
		};
/* End PBXSourcesBuildPhase section */

/* Begin PBXTargetDependency section */
		46D737321BEE4FFB0022361D /* PBXTargetDependency */ = {
			isa = PBXTargetDependency;
			target = 46D7371B1BEE4FFA0022361D /* CycleSaver */;
			targetProxy = 46D737311BEE4FFB0022361D /* PBXContainerItemProxy */;
		};
		46D7373D1BEE4FFB0022361D /* PBXTargetDependency */ = {
			isa = PBXTargetDependency;
			target = 46D7371B1BEE4FFA0022361D /* CycleSaver */;
			targetProxy = 46D7373C1BEE4FFB0022361D /* PBXContainerItemProxy */;
		};
/* End PBXTargetDependency section */

/* Begin PBXVariantGroup section */
		46D737231BEE4FFA0022361D /* Main.storyboard */ = {
			isa = PBXVariantGroup;
			children = (
				46D737241BEE4FFA0022361D /* Base */,
			);
			name = Main.storyboard;
			path = .;
			sourceTree = "<group>";
		};
		46D737281BEE4FFA0022361D /* LaunchScreen.storyboard */ = {
			isa = PBXVariantGroup;
			children = (
				46D737291BEE4FFA0022361D /* Base */,
			);
			name = LaunchScreen.storyboard;
			path = .;
			sourceTree = "<group>";
		};
/* End PBXVariantGroup section */

/* Begin XCBuildConfiguration section */
		46D737421BEE4FFB0022361D /* Debug */ = {
			isa = XCBuildConfiguration;
			buildSettings = {
				ALWAYS_SEARCH_USER_PATHS = NO;
				CLANG_CXX_LANGUAGE_STANDARD = "gnu++0x";
				CLANG_CXX_LIBRARY = "libc++";
				CLANG_ENABLE_MODULES = YES;
				CLANG_ENABLE_OBJC_ARC = YES;
				CLANG_WARN_BOOL_CONVERSION = YES;
				CLANG_WARN_CONSTANT_CONVERSION = YES;
				CLANG_WARN_DIRECT_OBJC_ISA_USAGE = YES_ERROR;
				CLANG_WARN_EMPTY_BODY = YES;
				CLANG_WARN_ENUM_CONVERSION = YES;
				CLANG_WARN_INT_CONVERSION = YES;
				CLANG_WARN_OBJC_ROOT_CLASS = YES_ERROR;
				CLANG_WARN_UNREACHABLE_CODE = YES;
				CLANG_WARN__DUPLICATE_METHOD_MATCH = YES;
				"CODE_SIGN_IDENTITY[sdk=iphoneos*]" = "iPhone Developer";
				COPY_PHASE_STRIP = NO;
				DEBUG_INFORMATION_FORMAT = dwarf;
				ENABLE_STRICT_OBJC_MSGSEND = YES;
				ENABLE_TESTABILITY = YES;
				GCC_C_LANGUAGE_STANDARD = gnu99;
				GCC_DYNAMIC_NO_PIC = NO;
				GCC_NO_COMMON_BLOCKS = YES;
				GCC_OPTIMIZATION_LEVEL = 0;
				GCC_PREPROCESSOR_DEFINITIONS = (
					"DEBUG=1",
					"$(inherited)",
				);
				GCC_WARN_64_TO_32_BIT_CONVERSION = YES;
				GCC_WARN_ABOUT_RETURN_TYPE = YES_ERROR;
				GCC_WARN_UNDECLARED_SELECTOR = YES;
				GCC_WARN_UNINITIALIZED_AUTOS = YES_AGGRESSIVE;
				GCC_WARN_UNUSED_FUNCTION = YES;
				GCC_WARN_UNUSED_VARIABLE = YES;
				IPHONEOS_DEPLOYMENT_TARGET = 9.1;
				MTL_ENABLE_DEBUG_INFO = YES;
				ONLY_ACTIVE_ARCH = YES;
				SDKROOT = iphoneos;
				SWIFT_OPTIMIZATION_LEVEL = "-Onone";
			};
			name = Debug;
		};
		46D737431BEE4FFB0022361D /* Release */ = {
			isa = XCBuildConfiguration;
			buildSettings = {
				ALWAYS_SEARCH_USER_PATHS = NO;
				CLANG_CXX_LANGUAGE_STANDARD = "gnu++0x";
				CLANG_CXX_LIBRARY = "libc++";
				CLANG_ENABLE_MODULES = YES;
				CLANG_ENABLE_OBJC_ARC = YES;
				CLANG_WARN_BOOL_CONVERSION = YES;
				CLANG_WARN_CONSTANT_CONVERSION = YES;
				CLANG_WARN_DIRECT_OBJC_ISA_USAGE = YES_ERROR;
				CLANG_WARN_EMPTY_BODY = YES;
				CLANG_WARN_ENUM_CONVERSION = YES;
				CLANG_WARN_INT_CONVERSION = YES;
				CLANG_WARN_OBJC_ROOT_CLASS = YES_ERROR;
				CLANG_WARN_UNREACHABLE_CODE = YES;
				CLANG_WARN__DUPLICATE_METHOD_MATCH = YES;
				"CODE_SIGN_IDENTITY[sdk=iphoneos*]" = "iPhone Developer";
				COPY_PHASE_STRIP = NO;
				DEBUG_INFORMATION_FORMAT = "dwarf-with-dsym";
				ENABLE_NS_ASSERTIONS = NO;
				ENABLE_STRICT_OBJC_MSGSEND = YES;
				GCC_C_LANGUAGE_STANDARD = gnu99;
				GCC_NO_COMMON_BLOCKS = YES;
				GCC_WARN_64_TO_32_BIT_CONVERSION = YES;
				GCC_WARN_ABOUT_RETURN_TYPE = YES_ERROR;
				GCC_WARN_UNDECLARED_SELECTOR = YES;
				GCC_WARN_UNINITIALIZED_AUTOS = YES_AGGRESSIVE;
				GCC_WARN_UNUSED_FUNCTION = YES;
				GCC_WARN_UNUSED_VARIABLE = YES;
				IPHONEOS_DEPLOYMENT_TARGET = 9.1;
				MTL_ENABLE_DEBUG_INFO = NO;
				SDKROOT = iphoneos;
				VALIDATE_PRODUCT = YES;
			};
			name = Release;
		};
		46D737451BEE4FFB0022361D /* Debug */ = {
			isa = XCBuildConfiguration;
			buildSettings = {
				ASSETCATALOG_COMPILER_APPICON_NAME = AppIcon;
				CODE_SIGN_IDENTITY = "iPhone Developer";
				"CODE_SIGN_IDENTITY[sdk=iphoneos*]" = "iPhone Developer";
				INFOPLIST_FILE = CycleSaver/Info.plist;
				IPHONEOS_DEPLOYMENT_TARGET = 9.1;
				LD_RUNPATH_SEARCH_PATHS = "$(inherited) @executable_path/Frameworks";
				PRODUCT_BUNDLE_IDENTIFIER = com.banderkat.CycleSaver;
				PRODUCT_NAME = "$(TARGET_NAME)";
				PROVISIONING_PROFILE = "";
			};
			name = Debug;
		};
		46D737461BEE4FFB0022361D /* Release */ = {
			isa = XCBuildConfiguration;
			buildSettings = {
				ASSETCATALOG_COMPILER_APPICON_NAME = AppIcon;
				CODE_SIGN_IDENTITY = "iPhone Developer";
				"CODE_SIGN_IDENTITY[sdk=iphoneos*]" = "iPhone Developer";
				INFOPLIST_FILE = CycleSaver/Info.plist;
				IPHONEOS_DEPLOYMENT_TARGET = 9.1;
				LD_RUNPATH_SEARCH_PATHS = "$(inherited) @executable_path/Frameworks";
				PRODUCT_BUNDLE_IDENTIFIER = com.banderkat.CycleSaver;
				PRODUCT_NAME = "$(TARGET_NAME)";
				PROVISIONING_PROFILE = "";
			};
			name = Release;
		};
		46D737481BEE4FFB0022361D /* Debug */ = {
			isa = XCBuildConfiguration;
			buildSettings = {
				BUNDLE_LOADER = "$(TEST_HOST)";
				INFOPLIST_FILE = CycleSaverTests/Info.plist;
				LD_RUNPATH_SEARCH_PATHS = "$(inherited) @executable_path/Frameworks @loader_path/Frameworks";
				PRODUCT_BUNDLE_IDENTIFIER = com.banderkat.CycleSaverTests;
				PRODUCT_NAME = "$(TARGET_NAME)";
				TEST_HOST = "$(BUILT_PRODUCTS_DIR)/CycleSaver.app/CycleSaver";
			};
			name = Debug;
		};
		46D737491BEE4FFB0022361D /* Release */ = {
			isa = XCBuildConfiguration;
			buildSettings = {
				BUNDLE_LOADER = "$(TEST_HOST)";
				INFOPLIST_FILE = CycleSaverTests/Info.plist;
				LD_RUNPATH_SEARCH_PATHS = "$(inherited) @executable_path/Frameworks @loader_path/Frameworks";
				PRODUCT_BUNDLE_IDENTIFIER = com.banderkat.CycleSaverTests;
				PRODUCT_NAME = "$(TARGET_NAME)";
				TEST_HOST = "$(BUILT_PRODUCTS_DIR)/CycleSaver.app/CycleSaver";
			};
			name = Release;
		};
		46D7374B1BEE4FFB0022361D /* Debug */ = {
			isa = XCBuildConfiguration;
			buildSettings = {
				INFOPLIST_FILE = CycleSaverUITests/Info.plist;
				LD_RUNPATH_SEARCH_PATHS = "$(inherited) @executable_path/Frameworks @loader_path/Frameworks";
				PRODUCT_BUNDLE_IDENTIFIER = com.banderkat.CycleSaverUITests;
				PRODUCT_NAME = "$(TARGET_NAME)";
				TEST_TARGET_NAME = CycleSaver;
				USES_XCTRUNNER = YES;
			};
			name = Debug;
		};
		46D7374C1BEE4FFB0022361D /* Release */ = {
			isa = XCBuildConfiguration;
			buildSettings = {
				INFOPLIST_FILE = CycleSaverUITests/Info.plist;
				LD_RUNPATH_SEARCH_PATHS = "$(inherited) @executable_path/Frameworks @loader_path/Frameworks";
				PRODUCT_BUNDLE_IDENTIFIER = com.banderkat.CycleSaverUITests;
				PRODUCT_NAME = "$(TARGET_NAME)";
				TEST_TARGET_NAME = CycleSaver;
				USES_XCTRUNNER = YES;
			};
			name = Release;
		};
/* End XCBuildConfiguration section */

/* Begin XCConfigurationList section */
		46D737171BEE4FFA0022361D /* Build configuration list for PBXProject "CycleSaver" */ = {
			isa = XCConfigurationList;
			buildConfigurations = (
				46D737421BEE4FFB0022361D /* Debug */,
				46D737431BEE4FFB0022361D /* Release */,
			);
			defaultConfigurationIsVisible = 0;
			defaultConfigurationName = Release;
		};
		46D737441BEE4FFB0022361D /* Build configuration list for PBXNativeTarget "CycleSaver" */ = {
			isa = XCConfigurationList;
			buildConfigurations = (
				46D737451BEE4FFB0022361D /* Debug */,
				46D737461BEE4FFB0022361D /* Release */,
			);
			defaultConfigurationIsVisible = 0;
			defaultConfigurationName = Release;
		};
		46D737471BEE4FFB0022361D /* Build configuration list for PBXNativeTarget "CycleSaverTests" */ = {
			isa = XCConfigurationList;
			buildConfigurations = (
				46D737481BEE4FFB0022361D /* Debug */,
				46D737491BEE4FFB0022361D /* Release */,
			);
			defaultConfigurationIsVisible = 0;
			defaultConfigurationName = Release;
		};
		46D7374A1BEE4FFB0022361D /* Build configuration list for PBXNativeTarget "CycleSaverUITests" */ = {
			isa = XCConfigurationList;
			buildConfigurations = (
				46D7374B1BEE4FFB0022361D /* Debug */,
				46D7374C1BEE4FFB0022361D /* Release */,
			);
			defaultConfigurationIsVisible = 0;
			defaultConfigurationName = Release;
		};
/* End XCConfigurationList section */
	};
	rootObject = 46D737141BEE4FFA0022361D /* Project object */;
}
